
Microsoft Visual Studio Solution File, Format Version 12.00
# Visual Studio Version 16
VisualStudioVersion = 16.0.31624.102
MinimumVisualStudioVersion = 10.0.40219.1
Project("{FAE04EC0-301F-11D3-BF4B-00C04F79EFBC}") = "KafkaConsumer", "KafkaConsumer.csproj", "{95FFEAE6-D0A2-4209-956A-421C33C4EF41}"
EndProject
Global
	GlobalSection(SolutionConfigurationPlatforms) = preSolution
		Debug|Any CPU = Debug|Any CPU
		Release|Any CPU = Release|Any CPU
	EndGlobalSection
	GlobalSection(ProjectConfigurationPlatforms) = postSolution
		{95FFEAE6-D0A2-4209-956A-421C33C4EF41}.Debug|Any CPU.ActiveCfg = Debug|Any CPU
		{95FFEAE6-D0A2-4209-956A-421C33C4EF41}.Debug|Any CPU.Build.0 = Debug|Any CPU
		{95FFEAE6-D0A2-4209-956A-421C33C4EF41}.Release|Any CPU.ActiveCfg = Release|Any CPU
		{95FFEAE6-D0A2-4209-956A-421C33C4EF41}.Release|Any CPU.Build.0 = Release|Any CPU
	EndGlobalSection
	GlobalSection(SolutionProperties) = preSolution
		HideSolutionNode = FALSE
	EndGlobalSection
	GlobalSection(ExtensibilityGlobals) = postSolution
		SolutionGuid = {3FD38ECE-BAD0-41D9-B9B9-F838C839961D}
	EndGlobalSection
EndGlobal
